// !$*UTF8*$!
{
	archiveVersion = 1;
	classes = {
	};
	objectVersion = 51;
	objects = {

/* Begin PBXBuildFile section */
		411AA9D925656FAE006CE145 /* Extension.swift in Sources */ = {isa = PBXBuildFile; fileRef = 411AA9D825656FAE006CE145 /* Extension.swift */; };
		412450C925656149009D1D84 /* AppDelegate.swift in Sources */ = {isa = PBXBuildFile; fileRef = 412450C825656149009D1D84 /* AppDelegate.swift */; };
		412450CB25656149009D1D84 /* SceneDelegate.swift in Sources */ = {isa = PBXBuildFile; fileRef = 412450CA25656149009D1D84 /* SceneDelegate.swift */; };
		412450D025656149009D1D84 /* Main.storyboard in Resources */ = {isa = PBXBuildFile; fileRef = 412450CE25656149009D1D84 /* Main.storyboard */; };
		412450D325656149009D1D84 /* Messenger.xcdatamodeld in Sources */ = {isa = PBXBuildFile; fileRef = 412450D125656149009D1D84 /* Messenger.xcdatamodeld */; };
		412450D52565614A009D1D84 /* Assets.xcassets in Resources */ = {isa = PBXBuildFile; fileRef = 412450D42565614A009D1D84 /* Assets.xcassets */; };
		412450D82565614A009D1D84 /* LaunchScreen.storyboard in Resources */ = {isa = PBXBuildFile; fileRef = 412450D62565614A009D1D84 /* LaunchScreen.storyboard */; };
		412450E32565614A009D1D84 /* MessengerTests.swift in Sources */ = {isa = PBXBuildFile; fileRef = 412450E22565614A009D1D84 /* MessengerTests.swift */; };
		412450EE2565614B009D1D84 /* MessengerUITests.swift in Sources */ = {isa = PBXBuildFile; fileRef = 412450ED2565614B009D1D84 /* MessengerUITests.swift */; };
		4124510A2565625B009D1D84 /* LoginViewController.swift in Sources */ = {isa = PBXBuildFile; fileRef = 412451092565625B009D1D84 /* LoginViewController.swift */; };
		4124510F25656270009D1D84 /* ResgisterViewController.swift in Sources */ = {isa = PBXBuildFile; fileRef = 4124510E25656270009D1D84 /* ResgisterViewController.swift */; };
		41245114256562AD009D1D84 /* ConversationViewController.swift in Sources */ = {isa = PBXBuildFile; fileRef = 41245113256562AD009D1D84 /* ConversationViewController.swift */; };
		413349742568C8A100D423BB /* NewConversationViewController.swift in Sources */ = {isa = PBXBuildFile; fileRef = 413349732568C8A100D423BB /* NewConversationViewController.swift */; };
		415A3C3E25736DC200C94476 /* LocationPickerViewController.swift in Sources */ = {isa = PBXBuildFile; fileRef = 415A3C3D25736DC200C94476 /* LocationPickerViewController.swift */; };
		415A3C43257372C100C94476 /* ProfileViewModels.swift in Sources */ = {isa = PBXBuildFile; fileRef = 415A3C42257372C100C94476 /* ProfileViewModels.swift */; };
		417A5FE125666052007C75B6 /* GoogleService-Info.plist in Resources */ = {isa = PBXBuildFile; fileRef = 417A5FE025666052007C75B6 /* GoogleService-Info.plist */; };
		417A5FEC256669A2007C75B6 /* DatabaseManager.swift in Sources */ = {isa = PBXBuildFile; fileRef = 417A5FEB256669A2007C75B6 /* DatabaseManager.swift */; };
		417A5FF4256681B6007C75B6 /* ProfileViewController.swift in Sources */ = {isa = PBXBuildFile; fileRef = 417A5FF3256681B6007C75B6 /* ProfileViewController.swift */; };
		419701072568BEE200C03367 /* ChatViewController.swift in Sources */ = {isa = PBXBuildFile; fileRef = 419701062568BEE200C03367 /* ChatViewController.swift */; };
		41B05F70258DED1D00C589A5 /* ChatModels.swift in Sources */ = {isa = PBXBuildFile; fileRef = 41B05F6F258DED1D00C589A5 /* ChatModels.swift */; };
		41DADBC025694E7700C8661E /* StorageManager.swift in Sources */ = {isa = PBXBuildFile; fileRef = 41DADBBF25694E7700C8661E /* StorageManager.swift */; };
		41EC6BFB2570C5BF0037ACB6 /* ConversationTableViewCell.swift in Sources */ = {isa = PBXBuildFile; fileRef = 41EC6BFA2570C5BF0037ACB6 /* ConversationTableViewCell.swift */; };
		41EC6C002570C7F20037ACB6 /* ConversationModels.swift in Sources */ = {isa = PBXBuildFile; fileRef = 41EC6BFF2570C7F20037ACB6 /* ConversationModels.swift */; };
		41F3ADC0257226B900C5287B /* PhotoViewerViewController.swift in Sources */ = {isa = PBXBuildFile; fileRef = 41F3ADBF257226B900C5287B /* PhotoViewerViewController.swift */; };
		41F3ADC52572713E00C5287B /* SearchResult.swift in Sources */ = {isa = PBXBuildFile; fileRef = 41F3ADC42572713E00C5287B /* SearchResult.swift */; };
		41F3ADCA257272DE00C5287B /* NewConversationCell.swift in Sources */ = {isa = PBXBuildFile; fileRef = 41F3ADC9257272DE00C5287B /* NewConversationCell.swift */; };
		588111808DDD035DF2DEB3AC /* Pods_MessengerTests.framework in Frameworks */ = {isa = PBXBuildFile; fileRef = D1221B96DD1219B176B64E17 /* Pods_MessengerTests.framework */; };
		E2C343A0EC9155E224C1E9E8 /* Pods_Messenger.framework in Frameworks */ = {isa = PBXBuildFile; fileRef = F7454075166B40E0F49A78F5 /* Pods_Messenger.framework */; };
		E3CC24E6B22C1CCF521023EB /* Pods_Messenger_MessengerUITests.framework in Frameworks */ = {isa = PBXBuildFile; fileRef = 57B41A4769D98E552B896922 /* Pods_Messenger_MessengerUITests.framework */; };
/* End PBXBuildFile section */

/* Begin PBXContainerItemProxy section */
		412450DF2565614A009D1D84 /* PBXContainerItemProxy */ = {
			isa = PBXContainerItemProxy;
			containerPortal = 412450BD25656149009D1D84 /* Project object */;
			proxyType = 1;
			remoteGlobalIDString = 412450C425656149009D1D84;
			remoteInfo = Messenger;
		};
		412450EA2565614B009D1D84 /* PBXContainerItemProxy */ = {
			isa = PBXContainerItemProxy;
			containerPortal = 412450BD25656149009D1D84 /* Project object */;
			proxyType = 1;
			remoteGlobalIDString = 412450C425656149009D1D84;
			remoteInfo = Messenger;
		};
/* End PBXContainerItemProxy section */

/* Begin PBXFileReference section */
		0245876C03ABB54399F7E765 /* Pods-MessengerTests.release.xcconfig */ = {isa = PBXFileReference; includeInIndex = 1; lastKnownFileType = text.xcconfig; name = "Pods-MessengerTests.release.xcconfig"; path = "Target Support Files/Pods-MessengerTests/Pods-MessengerTests.release.xcconfig"; sourceTree = "<group>"; };
		127F12D1125FC9825069A72F /* Pods-MessengerTests.debug.xcconfig */ = {isa = PBXFileReference; includeInIndex = 1; lastKnownFileType = text.xcconfig; name = "Pods-MessengerTests.debug.xcconfig"; path = "Target Support Files/Pods-MessengerTests/Pods-MessengerTests.debug.xcconfig"; sourceTree = "<group>"; };
		411AA9D825656FAE006CE145 /* Extension.swift */ = {isa = PBXFileReference; lastKnownFileType = sourcecode.swift; path = Extension.swift; sourceTree = "<group>"; };
		412450C525656149009D1D84 /* Messenger.app */ = {isa = PBXFileReference; explicitFileType = wrapper.application; includeInIndex = 0; path = Messenger.app; sourceTree = BUILT_PRODUCTS_DIR; };
		412450C825656149009D1D84 /* AppDelegate.swift */ = {isa = PBXFileReference; lastKnownFileType = sourcecode.swift; path = AppDelegate.swift; sourceTree = "<group>"; };
		412450CA25656149009D1D84 /* SceneDelegate.swift */ = {isa = PBXFileReference; lastKnownFileType = sourcecode.swift; path = SceneDelegate.swift; sourceTree = "<group>"; };
		412450CF25656149009D1D84 /* Base */ = {isa = PBXFileReference; lastKnownFileType = file.storyboard; name = Base; path = Base.lproj/Main.storyboard; sourceTree = "<group>"; };
		412450D225656149009D1D84 /* Messenger.xcdatamodel */ = {isa = PBXFileReference; lastKnownFileType = wrapper.xcdatamodel; path = Messenger.xcdatamodel; sourceTree = "<group>"; };
		412450D42565614A009D1D84 /* Assets.xcassets */ = {isa = PBXFileReference; lastKnownFileType = folder.assetcatalog; path = Assets.xcassets; sourceTree = "<group>"; };
		412450D72565614A009D1D84 /* Base */ = {isa = PBXFileReference; lastKnownFileType = file.storyboard; name = Base; path = Base.lproj/LaunchScreen.storyboard; sourceTree = "<group>"; };
		412450D92565614A009D1D84 /* Info.plist */ = {isa = PBXFileReference; lastKnownFileType = text.plist.xml; path = Info.plist; sourceTree = "<group>"; };
		412450DE2565614A009D1D84 /* MessengerTests.xctest */ = {isa = PBXFileReference; explicitFileType = wrapper.cfbundle; includeInIndex = 0; path = MessengerTests.xctest; sourceTree = BUILT_PRODUCTS_DIR; };
		412450E22565614A009D1D84 /* MessengerTests.swift */ = {isa = PBXFileReference; lastKnownFileType = sourcecode.swift; path = MessengerTests.swift; sourceTree = "<group>"; };
		412450E42565614A009D1D84 /* Info.plist */ = {isa = PBXFileReference; lastKnownFileType = text.plist.xml; path = Info.plist; sourceTree = "<group>"; };
		412450E92565614B009D1D84 /* MessengerUITests.xctest */ = {isa = PBXFileReference; explicitFileType = wrapper.cfbundle; includeInIndex = 0; path = MessengerUITests.xctest; sourceTree = BUILT_PRODUCTS_DIR; };
		412450ED2565614B009D1D84 /* MessengerUITests.swift */ = {isa = PBXFileReference; lastKnownFileType = sourcecode.swift; path = MessengerUITests.swift; sourceTree = "<group>"; };
		412450EF2565614B009D1D84 /* Info.plist */ = {isa = PBXFileReference; lastKnownFileType = text.plist.xml; path = Info.plist; sourceTree = "<group>"; };
		412451092565625B009D1D84 /* LoginViewController.swift */ = {isa = PBXFileReference; lastKnownFileType = sourcecode.swift; path = LoginViewController.swift; sourceTree = "<group>"; };
		4124510E25656270009D1D84 /* ResgisterViewController.swift */ = {isa = PBXFileReference; lastKnownFileType = sourcecode.swift; path = ResgisterViewController.swift; sourceTree = "<group>"; };
		41245113256562AD009D1D84 /* ConversationViewController.swift */ = {isa = PBXFileReference; lastKnownFileType = sourcecode.swift; path = ConversationViewController.swift; sourceTree = "<group>"; };
		413349732568C8A100D423BB /* NewConversationViewController.swift */ = {isa = PBXFileReference; lastKnownFileType = sourcecode.swift; path = NewConversationViewController.swift; sourceTree = "<group>"; };
		415A3C3D25736DC200C94476 /* LocationPickerViewController.swift */ = {isa = PBXFileReference; lastKnownFileType = sourcecode.swift; path = LocationPickerViewController.swift; sourceTree = "<group>"; };
		415A3C42257372C100C94476 /* ProfileViewModels.swift */ = {isa = PBXFileReference; lastKnownFileType = sourcecode.swift; path = ProfileViewModels.swift; sourceTree = "<group>"; };
		417A5FE025666052007C75B6 /* GoogleService-Info.plist */ = {isa = PBXFileReference; fileEncoding = 4; lastKnownFileType = text.plist.xml; path = "GoogleService-Info.plist"; sourceTree = "<group>"; };
		417A5FEB256669A2007C75B6 /* DatabaseManager.swift */ = {isa = PBXFileReference; lastKnownFileType = sourcecode.swift; path = DatabaseManager.swift; sourceTree = "<group>"; };
		417A5FF3256681B6007C75B6 /* ProfileViewController.swift */ = {isa = PBXFileReference; lastKnownFileType = sourcecode.swift; path = ProfileViewController.swift; sourceTree = "<group>"; };
		419701062568BEE200C03367 /* ChatViewController.swift */ = {isa = PBXFileReference; lastKnownFileType = sourcecode.swift; path = ChatViewController.swift; sourceTree = "<group>"; };
		41B05F6F258DED1D00C589A5 /* ChatModels.swift */ = {isa = PBXFileReference; lastKnownFileType = sourcecode.swift; path = ChatModels.swift; sourceTree = "<group>"; };
		41DADBBF25694E7700C8661E /* StorageManager.swift */ = {isa = PBXFileReference; lastKnownFileType = sourcecode.swift; path = StorageManager.swift; sourceTree = "<group>"; };
		41EC6BFA2570C5BF0037ACB6 /* ConversationTableViewCell.swift */ = {isa = PBXFileReference; lastKnownFileType = sourcecode.swift; path = ConversationTableViewCell.swift; sourceTree = "<group>"; };
		41EC6BFF2570C7F20037ACB6 /* ConversationModels.swift */ = {isa = PBXFileReference; lastKnownFileType = sourcecode.swift; path = ConversationModels.swift; sourceTree = "<group>"; };
		41F3ADBF257226B900C5287B /* PhotoViewerViewController.swift */ = {isa = PBXFileReference; lastKnownFileType = sourcecode.swift; path = PhotoViewerViewController.swift; sourceTree = "<group>"; };
		41F3ADC42572713E00C5287B /* SearchResult.swift */ = {isa = PBXFileReference; lastKnownFileType = sourcecode.swift; path = SearchResult.swift; sourceTree = "<group>"; };
		41F3ADC9257272DE00C5287B /* NewConversationCell.swift */ = {isa = PBXFileReference; lastKnownFileType = sourcecode.swift; path = NewConversationCell.swift; sourceTree = "<group>"; };
		43415B2E35635E8959DAF7DF /* Pods-Messenger-MessengerUITests.debug.xcconfig */ = {isa = PBXFileReference; includeInIndex = 1; lastKnownFileType = text.xcconfig; name = "Pods-Messenger-MessengerUITests.debug.xcconfig"; path = "Target Support Files/Pods-Messenger-MessengerUITests/Pods-Messenger-MessengerUITests.debug.xcconfig"; sourceTree = "<group>"; };
		57B41A4769D98E552B896922 /* Pods_Messenger_MessengerUITests.framework */ = {isa = PBXFileReference; explicitFileType = wrapper.framework; includeInIndex = 0; path = Pods_Messenger_MessengerUITests.framework; sourceTree = BUILT_PRODUCTS_DIR; };
		6B240ED5C002777204079458 /* Pods-Messenger.release.xcconfig */ = {isa = PBXFileReference; includeInIndex = 1; lastKnownFileType = text.xcconfig; name = "Pods-Messenger.release.xcconfig"; path = "Target Support Files/Pods-Messenger/Pods-Messenger.release.xcconfig"; sourceTree = "<group>"; };
		738AE955EA07F1BF9C730DA2 /* Pods-Messenger.debug.xcconfig */ = {isa = PBXFileReference; includeInIndex = 1; lastKnownFileType = text.xcconfig; name = "Pods-Messenger.debug.xcconfig"; path = "Target Support Files/Pods-Messenger/Pods-Messenger.debug.xcconfig"; sourceTree = "<group>"; };
		A9BE6FC7DA21B301F38D5B19 /* Pods-Messenger-MessengerUITests.release.xcconfig */ = {isa = PBXFileReference; includeInIndex = 1; lastKnownFileType = text.xcconfig; name = "Pods-Messenger-MessengerUITests.release.xcconfig"; path = "Target Support Files/Pods-Messenger-MessengerUITests/Pods-Messenger-MessengerUITests.release.xcconfig"; sourceTree = "<group>"; };
		D1221B96DD1219B176B64E17 /* Pods_MessengerTests.framework */ = {isa = PBXFileReference; explicitFileType = wrapper.framework; includeInIndex = 0; path = Pods_MessengerTests.framework; sourceTree = BUILT_PRODUCTS_DIR; };
		F7454075166B40E0F49A78F5 /* Pods_Messenger.framework */ = {isa = PBXFileReference; explicitFileType = wrapper.framework; includeInIndex = 0; path = Pods_Messenger.framework; sourceTree = BUILT_PRODUCTS_DIR; };
/* End PBXFileReference section */

/* Begin PBXFrameworksBuildPhase section */
		412450C225656149009D1D84 /* Frameworks */ = {
			isa = PBXFrameworksBuildPhase;
			buildActionMask = 2147483647;
			files = (
				E2C343A0EC9155E224C1E9E8 /* Pods_Messenger.framework in Frameworks */,
			);
			runOnlyForDeploymentPostprocessing = 0;
		};
		412450DB2565614A009D1D84 /* Frameworks */ = {
			isa = PBXFrameworksBuildPhase;
			buildActionMask = 2147483647;
			files = (
				588111808DDD035DF2DEB3AC /* Pods_MessengerTests.framework in Frameworks */,
			);
			runOnlyForDeploymentPostprocessing = 0;
		};
		412450E62565614B009D1D84 /* Frameworks */ = {
			isa = PBXFrameworksBuildPhase;
			buildActionMask = 2147483647;
			files = (
				E3CC24E6B22C1CCF521023EB /* Pods_Messenger_MessengerUITests.framework in Frameworks */,
			);
			runOnlyForDeploymentPostprocessing = 0;
		};
/* End PBXFrameworksBuildPhase section */

/* Begin PBXGroup section */
		3742B501F87EF46BB16CE602 /* Pods */ = {
			isa = PBXGroup;
			children = (
				738AE955EA07F1BF9C730DA2 /* Pods-Messenger.debug.xcconfig */,
				6B240ED5C002777204079458 /* Pods-Messenger.release.xcconfig */,
				43415B2E35635E8959DAF7DF /* Pods-Messenger-MessengerUITests.debug.xcconfig */,
				A9BE6FC7DA21B301F38D5B19 /* Pods-Messenger-MessengerUITests.release.xcconfig */,
				127F12D1125FC9825069A72F /* Pods-MessengerTests.debug.xcconfig */,
				0245876C03ABB54399F7E765 /* Pods-MessengerTests.release.xcconfig */,
			);
			path = Pods;
			sourceTree = "<group>";
		};
		411AA9D725656F9B006CE145 /* Extensions */ = {
			isa = PBXGroup;
			children = (
				411AA9D825656FAE006CE145 /* Extension.swift */,
			);
			path = Extensions;
			sourceTree = "<group>";
		};
		411AA9E02565770C006CE145 /* View */ = {
			isa = PBXGroup;
			children = (
				412450D42565614A009D1D84 /* Assets.xcassets */,
				412450CE25656149009D1D84 /* Main.storyboard */,
				412450D62565614A009D1D84 /* LaunchScreen.storyboard */,
				41EC6BFA2570C5BF0037ACB6 /* ConversationTableViewCell.swift */,
				41F3ADC9257272DE00C5287B /* NewConversationCell.swift */,
			);
			path = View;
			sourceTree = "<group>";
		};
		412450BC25656149009D1D84 = {
			isa = PBXGroup;
			children = (
				412450C725656149009D1D84 /* Messenger */,
				412450E12565614A009D1D84 /* MessengerTests */,
				412450EC2565614B009D1D84 /* MessengerUITests */,
				412450C625656149009D1D84 /* Products */,
				3742B501F87EF46BB16CE602 /* Pods */,
				F893FAD43D5A9B6AC435FCB3 /* Frameworks */,
			);
			sourceTree = "<group>";
		};
		412450C625656149009D1D84 /* Products */ = {
			isa = PBXGroup;
			children = (
				412450C525656149009D1D84 /* Messenger.app */,
				412450DE2565614A009D1D84 /* MessengerTests.xctest */,
				412450E92565614B009D1D84 /* MessengerUITests.xctest */,
			);
			name = Products;
			sourceTree = "<group>";
		};
		412450C725656149009D1D84 /* Messenger */ = {
			isa = PBXGroup;
			children = (
				411AA9D725656F9B006CE145 /* Extensions */,
				411AA9E02565770C006CE145 /* View */,
				412450FF25656160009D1D84 /* ViewControllers */,
				4124510325656189009D1D84 /* Resourse */,
				412450FE25656158009D1D84 /* Model */,
				412450D92565614A009D1D84 /* Info.plist */,
				417A5FE025666052007C75B6 /* GoogleService-Info.plist */,
			);
			path = Messenger;
			sourceTree = "<group>";
		};
		412450E12565614A009D1D84 /* MessengerTests */ = {
			isa = PBXGroup;
			children = (
				412450E22565614A009D1D84 /* MessengerTests.swift */,
				412450E42565614A009D1D84 /* Info.plist */,
			);
			path = MessengerTests;
			sourceTree = "<group>";
		};
		412450EC2565614B009D1D84 /* MessengerUITests */ = {
			isa = PBXGroup;
			children = (
				412450ED2565614B009D1D84 /* MessengerUITests.swift */,
				412450EF2565614B009D1D84 /* Info.plist */,
			);
			path = MessengerUITests;
			sourceTree = "<group>";
		};
		412450FE25656158009D1D84 /* Model */ = {
			isa = PBXGroup;
			children = (
				41EC6BFF2570C7F20037ACB6 /* ConversationModels.swift */,
				41F3ADC42572713E00C5287B /* SearchResult.swift */,
				415A3C42257372C100C94476 /* ProfileViewModels.swift */,
				41B05F6F258DED1D00C589A5 /* ChatModels.swift */,
			);
			path = Model;
			sourceTree = "<group>";
		};
		412450FF25656160009D1D84 /* ViewControllers */ = {
			isa = PBXGroup;
			children = (
				4124510825656225009D1D84 /* Login & Resgister */,
				41245113256562AD009D1D84 /* ConversationViewController.swift */,
				417A5FF3256681B6007C75B6 /* ProfileViewController.swift */,
				419701062568BEE200C03367 /* ChatViewController.swift */,
				413349732568C8A100D423BB /* NewConversationViewController.swift */,
				41F3ADBF257226B900C5287B /* PhotoViewerViewController.swift */,
				415A3C3D25736DC200C94476 /* LocationPickerViewController.swift */,
			);
			path = ViewControllers;
			sourceTree = "<group>";
		};
		4124510325656189009D1D84 /* Resourse */ = {
			isa = PBXGroup;
			children = (
				412450D125656149009D1D84 /* Messenger.xcdatamodeld */,
				412450C825656149009D1D84 /* AppDelegate.swift */,
				412450CA25656149009D1D84 /* SceneDelegate.swift */,
				417A5FEB256669A2007C75B6 /* DatabaseManager.swift */,
				41DADBBF25694E7700C8661E /* StorageManager.swift */,
			);
			path = Resourse;
			sourceTree = "<group>";
		};
		4124510825656225009D1D84 /* Login & Resgister */ = {
			isa = PBXGroup;
			children = (
				412451092565625B009D1D84 /* LoginViewController.swift */,
				4124510E25656270009D1D84 /* ResgisterViewController.swift */,
			);
			path = "Login & Resgister";
			sourceTree = "<group>";
		};
		F893FAD43D5A9B6AC435FCB3 /* Frameworks */ = {
			isa = PBXGroup;
			children = (
				F7454075166B40E0F49A78F5 /* Pods_Messenger.framework */,
				57B41A4769D98E552B896922 /* Pods_Messenger_MessengerUITests.framework */,
				D1221B96DD1219B176B64E17 /* Pods_MessengerTests.framework */,
			);
			name = Frameworks;
			sourceTree = "<group>";
		};
/* End PBXGroup section */

/* Begin PBXNativeTarget section */
		412450C425656149009D1D84 /* Messenger */ = {
			isa = PBXNativeTarget;
			buildConfigurationList = 412450F22565614B009D1D84 /* Build configuration list for PBXNativeTarget "Messenger" */;
			buildPhases = (
				EB8CBDE1C6E116CF1E1D56F2 /* [CP] Check Pods Manifest.lock */,
				412450C125656149009D1D84 /* Sources */,
				412450C225656149009D1D84 /* Frameworks */,
				412450C325656149009D1D84 /* Resources */,
				3124F4F2DB58D21D094B8AA1 /* [CP] Embed Pods Frameworks */,
				C33595516E5DC969AF38B344 /* [CP] Copy Pods Resources */,
			);
			buildRules = (
			);
			dependencies = (
			);
			name = Messenger;
			productName = Messenger;
			productReference = 412450C525656149009D1D84 /* Messenger.app */;
			productType = "com.apple.product-type.application";
		};
		412450DD2565614A009D1D84 /* MessengerTests */ = {
			isa = PBXNativeTarget;
			buildConfigurationList = 412450F52565614B009D1D84 /* Build configuration list for PBXNativeTarget "MessengerTests" */;
			buildPhases = (
				8A373975FBD2F60C63733C47 /* [CP] Check Pods Manifest.lock */,
				412450DA2565614A009D1D84 /* Sources */,
				412450DB2565614A009D1D84 /* Frameworks */,
				412450DC2565614A009D1D84 /* Resources */,
			);
			buildRules = (
			);
			dependencies = (
				412450E02565614A009D1D84 /* PBXTargetDependency */,
			);
			name = MessengerTests;
			productName = MessengerTests;
			productReference = 412450DE2565614A009D1D84 /* MessengerTests.xctest */;
			productType = "com.apple.product-type.bundle.unit-test";
		};
		412450E82565614B009D1D84 /* MessengerUITests */ = {
			isa = PBXNativeTarget;
			buildConfigurationList = 412450F82565614B009D1D84 /* Build configuration list for PBXNativeTarget "MessengerUITests" */;
			buildPhases = (
				E8390E678E45B8BB237F9045 /* [CP] Check Pods Manifest.lock */,
				412450E52565614B009D1D84 /* Sources */,
				412450E62565614B009D1D84 /* Frameworks */,
				412450E72565614B009D1D84 /* Resources */,
				2034EE7D4DD7466EDB412847 /* [CP] Embed Pods Frameworks */,
				3EB504B4DD1EC0CC2300754E /* [CP] Copy Pods Resources */,
			);
			buildRules = (
			);
			dependencies = (
				412450EB2565614B009D1D84 /* PBXTargetDependency */,
			);
			name = MessengerUITests;
			productName = MessengerUITests;
			productReference = 412450E92565614B009D1D84 /* MessengerUITests.xctest */;
			productType = "com.apple.product-type.bundle.ui-testing";
		};
/* End PBXNativeTarget section */

/* Begin PBXProject section */
		412450BD25656149009D1D84 /* Project object */ = {
			isa = PBXProject;
			attributes = {
				LastSwiftUpdateCheck = 1210;
				LastUpgradeCheck = 1210;
				TargetAttributes = {
					412450C425656149009D1D84 = {
						CreatedOnToolsVersion = 12.1;
					};
					412450DD2565614A009D1D84 = {
						CreatedOnToolsVersion = 12.1;
						TestTargetID = 412450C425656149009D1D84;
					};
					412450E82565614B009D1D84 = {
						CreatedOnToolsVersion = 12.1;
						TestTargetID = 412450C425656149009D1D84;
					};
				};
			};
			buildConfigurationList = 412450C025656149009D1D84 /* Build configuration list for PBXProject "Messenger" */;
			compatibilityVersion = "Xcode 9.3";
			developmentRegion = en;
			hasScannedForEncodings = 0;
			knownRegions = (
				en,
				Base,
			);
			mainGroup = 412450BC25656149009D1D84;
			productRefGroup = 412450C625656149009D1D84 /* Products */;
			projectDirPath = "";
			projectRoot = "";
			targets = (
				412450C425656149009D1D84 /* Messenger */,
				412450DD2565614A009D1D84 /* MessengerTests */,
				412450E82565614B009D1D84 /* MessengerUITests */,
			);
		};
/* End PBXProject section */

/* Begin PBXResourcesBuildPhase section */
		412450C325656149009D1D84 /* Resources */ = {
			isa = PBXResourcesBuildPhase;
			buildActionMask = 2147483647;
			files = (
				412450D82565614A009D1D84 /* LaunchScreen.storyboard in Resources */,
				417A5FE125666052007C75B6 /* GoogleService-Info.plist in Resources */,
				412450D52565614A009D1D84 /* Assets.xcassets in Resources */,
				412450D025656149009D1D84 /* Main.storyboard in Resources */,
			);
			runOnlyForDeploymentPostprocessing = 0;
		};
		412450DC2565614A009D1D84 /* Resources */ = {
			isa = PBXResourcesBuildPhase;
			buildActionMask = 2147483647;
			files = (
			);
			runOnlyForDeploymentPostprocessing = 0;
		};
		412450E72565614B009D1D84 /* Resources */ = {
			isa = PBXResourcesBuildPhase;
			buildActionMask = 2147483647;
			files = (
			);
			runOnlyForDeploymentPostprocessing = 0;
		};
/* End PBXResourcesBuildPhase section */

/* Begin PBXShellScriptBuildPhase section */
		2034EE7D4DD7466EDB412847 /* [CP] Embed Pods Frameworks */ = {
			isa = PBXShellScriptBuildPhase;
			buildActionMask = 2147483647;
			files = (
			);
			inputFileListPaths = (
				"${PODS_ROOT}/Target Support Files/Pods-Messenger-MessengerUITests/Pods-Messenger-MessengerUITests-frameworks-${CONFIGURATION}-input-files.xcfilelist",
			);
			name = "[CP] Embed Pods Frameworks";
			outputFileListPaths = (
				"${PODS_ROOT}/Target Support Files/Pods-Messenger-MessengerUITests/Pods-Messenger-MessengerUITests-frameworks-${CONFIGURATION}-output-files.xcfilelist",
			);
			runOnlyForDeploymentPostprocessing = 0;
			shellPath = /bin/sh;
			shellScript = "\"${PODS_ROOT}/Target Support Files/Pods-Messenger-MessengerUITests/Pods-Messenger-MessengerUITests-frameworks.sh\"\n";
			showEnvVarsInLog = 0;
		};
		3124F4F2DB58D21D094B8AA1 /* [CP] Embed Pods Frameworks */ = {
			isa = PBXShellScriptBuildPhase;
			buildActionMask = 2147483647;
			files = (
			);
			inputFileListPaths = (
				"${PODS_ROOT}/Target Support Files/Pods-Messenger/Pods-Messenger-frameworks-${CONFIGURATION}-input-files.xcfilelist",
			);
			name = "[CP] Embed Pods Frameworks";
			outputFileListPaths = (
				"${PODS_ROOT}/Target Support Files/Pods-Messenger/Pods-Messenger-frameworks-${CONFIGURATION}-output-files.xcfilelist",
			);
			runOnlyForDeploymentPostprocessing = 0;
			shellPath = /bin/sh;
			shellScript = "\"${PODS_ROOT}/Target Support Files/Pods-Messenger/Pods-Messenger-frameworks.sh\"\n";
			showEnvVarsInLog = 0;
		};
		3EB504B4DD1EC0CC2300754E /* [CP] Copy Pods Resources */ = {
			isa = PBXShellScriptBuildPhase;
			buildActionMask = 2147483647;
			files = (
			);
			inputFileListPaths = (
				"${PODS_ROOT}/Target Support Files/Pods-Messenger-MessengerUITests/Pods-Messenger-MessengerUITests-resources-${CONFIGURATION}-input-files.xcfilelist",
			);
			name = "[CP] Copy Pods Resources";
			outputFileListPaths = (
				"${PODS_ROOT}/Target Support Files/Pods-Messenger-MessengerUITests/Pods-Messenger-MessengerUITests-resources-${CONFIGURATION}-output-files.xcfilelist",
			);
			runOnlyForDeploymentPostprocessing = 0;
			shellPath = /bin/sh;
			shellScript = "\"${PODS_ROOT}/Target Support Files/Pods-Messenger-MessengerUITests/Pods-Messenger-MessengerUITests-resources.sh\"\n";
			showEnvVarsInLog = 0;
		};
		8A373975FBD2F60C63733C47 /* [CP] Check Pods Manifest.lock */ = {
			isa = PBXShellScriptBuildPhase;
			buildActionMask = 2147483647;
			files = (
			);
			inputFileListPaths = (
			);
			inputPaths = (
				"${PODS_PODFILE_DIR_PATH}/Podfile.lock",
				"${PODS_ROOT}/Manifest.lock",
			);
			name = "[CP] Check Pods Manifest.lock";
			outputFileListPaths = (
			);
			outputPaths = (
				"$(DERIVED_FILE_DIR)/Pods-MessengerTests-checkManifestLockResult.txt",
			);
			runOnlyForDeploymentPostprocessing = 0;
			shellPath = /bin/sh;
			shellScript = "diff \"${PODS_PODFILE_DIR_PATH}/Podfile.lock\" \"${PODS_ROOT}/Manifest.lock\" > /dev/null\nif [ $? != 0 ] ; then\n    # print error to STDERR\n    echo \"error: The sandbox is not in sync with the Podfile.lock. Run 'pod install' or update your CocoaPods installation.\" >&2\n    exit 1\nfi\n# This output is used by Xcode 'outputs' to avoid re-running this script phase.\necho \"SUCCESS\" > \"${SCRIPT_OUTPUT_FILE_0}\"\n";
			showEnvVarsInLog = 0;
		};
		C33595516E5DC969AF38B344 /* [CP] Copy Pods Resources */ = {
			isa = PBXShellScriptBuildPhase;
			buildActionMask = 2147483647;
			files = (
			);
			inputFileListPaths = (
				"${PODS_ROOT}/Target Support Files/Pods-Messenger/Pods-Messenger-resources-${CONFIGURATION}-input-files.xcfilelist",
			);
			name = "[CP] Copy Pods Resources";
			outputFileListPaths = (
				"${PODS_ROOT}/Target Support Files/Pods-Messenger/Pods-Messenger-resources-${CONFIGURATION}-output-files.xcfilelist",
			);
			runOnlyForDeploymentPostprocessing = 0;
			shellPath = /bin/sh;
			shellScript = "\"${PODS_ROOT}/Target Support Files/Pods-Messenger/Pods-Messenger-resources.sh\"\n";
			showEnvVarsInLog = 0;
		};
		E8390E678E45B8BB237F9045 /* [CP] Check Pods Manifest.lock */ = {
			isa = PBXShellScriptBuildPhase;
			buildActionMask = 2147483647;
			files = (
			);
			inputFileListPaths = (
			);
			inputPaths = (
				"${PODS_PODFILE_DIR_PATH}/Podfile.lock",
				"${PODS_ROOT}/Manifest.lock",
			);
			name = "[CP] Check Pods Manifest.lock";
			outputFileListPaths = (
			);
			outputPaths = (
				"$(DERIVED_FILE_DIR)/Pods-Messenger-MessengerUITests-checkManifestLockResult.txt",
			);
			runOnlyForDeploymentPostprocessing = 0;
			shellPath = /bin/sh;
			shellScript = "diff \"${PODS_PODFILE_DIR_PATH}/Podfile.lock\" \"${PODS_ROOT}/Manifest.lock\" > /dev/null\nif [ $? != 0 ] ; then\n    # print error to STDERR\n    echo \"error: The sandbox is not in sync with the Podfile.lock. Run 'pod install' or update your CocoaPods installation.\" >&2\n    exit 1\nfi\n# This output is used by Xcode 'outputs' to avoid re-running this script phase.\necho \"SUCCESS\" > \"${SCRIPT_OUTPUT_FILE_0}\"\n";
			showEnvVarsInLog = 0;
		};
		EB8CBDE1C6E116CF1E1D56F2 /* [CP] Check Pods Manifest.lock */ = {
			isa = PBXShellScriptBuildPhase;
			buildActionMask = 2147483647;
			files = (
			);
			inputFileListPaths = (
			);
			inputPaths = (
				"${PODS_PODFILE_DIR_PATH}/Podfile.lock",
				"${PODS_ROOT}/Manifest.lock",
			);
			name = "[CP] Check Pods Manifest.lock";
			outputFileListPaths = (
			);
			outputPaths = (
				"$(DERIVED_FILE_DIR)/Pods-Messenger-checkManifestLockResult.txt",
			);
			runOnlyForDeploymentPostprocessing = 0;
			shellPath = /bin/sh;
			shellScript = "diff \"${PODS_PODFILE_DIR_PATH}/Podfile.lock\" \"${PODS_ROOT}/Manifest.lock\" > /dev/null\nif [ $? != 0 ] ; then\n    # print error to STDERR\n    echo \"error: The sandbox is not in sync with the Podfile.lock. Run 'pod install' or update your CocoaPods installation.\" >&2\n    exit 1\nfi\n# This output is used by Xcode 'outputs' to avoid re-running this script phase.\necho \"SUCCESS\" > \"${SCRIPT_OUTPUT_FILE_0}\"\n";
			showEnvVarsInLog = 0;
		};
/* End PBXShellScriptBuildPhase section */

/* Begin PBXSourcesBuildPhase section */
		412450C125656149009D1D84 /* Sources */ = {
			isa = PBXSourcesBuildPhase;
			buildActionMask = 2147483647;
			files = (
				41EC6C002570C7F20037ACB6 /* ConversationModels.swift in Sources */,
				415A3C3E25736DC200C94476 /* LocationPickerViewController.swift in Sources */,
				417A5FEC256669A2007C75B6 /* DatabaseManager.swift in Sources */,
				41F3ADC52572713E00C5287B /* SearchResult.swift in Sources */,
				41F3ADC0257226B900C5287B /* PhotoViewerViewController.swift in Sources */,
				41245114256562AD009D1D84 /* ConversationViewController.swift in Sources */,
				412450C925656149009D1D84 /* AppDelegate.swift in Sources */,
				41DADBC025694E7700C8661E /* StorageManager.swift in Sources */,
				411AA9D925656FAE006CE145 /* Extension.swift in Sources */,
				412450CB25656149009D1D84 /* SceneDelegate.swift in Sources */,
				413349742568C8A100D423BB /* NewConversationViewController.swift in Sources */,
				41B05F70258DED1D00C589A5 /* ChatModels.swift in Sources */,
				4124510F25656270009D1D84 /* ResgisterViewController.swift in Sources */,
				417A5FF4256681B6007C75B6 /* ProfileViewController.swift in Sources */,
				41EC6BFB2570C5BF0037ACB6 /* ConversationTableViewCell.swift in Sources */,
				415A3C43257372C100C94476 /* ProfileViewModels.swift in Sources */,
				4124510A2565625B009D1D84 /* LoginViewController.swift in Sources */,
				419701072568BEE200C03367 /* ChatViewController.swift in Sources */,
				412450D325656149009D1D84 /* Messenger.xcdatamodeld in Sources */,
				41F3ADCA257272DE00C5287B /* NewConversationCell.swift in Sources */,
			);
			runOnlyForDeploymentPostprocessing = 0;
		};
		412450DA2565614A009D1D84 /* Sources */ = {
			isa = PBXSourcesBuildPhase;
			buildActionMask = 2147483647;
			files = (
				412450E32565614A009D1D84 /* MessengerTests.swift in Sources */,
			);
			runOnlyForDeploymentPostprocessing = 0;
		};
		412450E52565614B009D1D84 /* Sources */ = {
			isa = PBXSourcesBuildPhase;
			buildActionMask = 2147483647;
			files = (
				412450EE2565614B009D1D84 /* MessengerUITests.swift in Sources */,
			);
			runOnlyForDeploymentPostprocessing = 0;
		};
/* End PBXSourcesBuildPhase section */

/* Begin PBXTargetDependency section */
		412450E02565614A009D1D84 /* PBXTargetDependency */ = {
			isa = PBXTargetDependency;
			target = 412450C425656149009D1D84 /* Messenger */;
			targetProxy = 412450DF2565614A009D1D84 /* PBXContainerItemProxy */;
		};
		412450EB2565614B009D1D84 /* PBXTargetDependency */ = {
			isa = PBXTargetDependency;
			target = 412450C425656149009D1D84 /* Messenger */;
			targetProxy = 412450EA2565614B009D1D84 /* PBXContainerItemProxy */;
		};
/* End PBXTargetDependency section */

/* Begin PBXVariantGroup section */
		412450CE25656149009D1D84 /* Main.storyboard */ = {
			isa = PBXVariantGroup;
			children = (
				412450CF25656149009D1D84 /* Base */,
			);
			name = Main.storyboard;
			sourceTree = "<group>";
		};
		412450D62565614A009D1D84 /* LaunchScreen.storyboard */ = {
			isa = PBXVariantGroup;
			children = (
				412450D72565614A009D1D84 /* Base */,
			);
			name = LaunchScreen.storyboard;
			sourceTree = "<group>";
		};
/* End PBXVariantGroup section */

/* Begin XCBuildConfiguration section */
		412450F02565614B009D1D84 /* Debug */ = {
			isa = XCBuildConfiguration;
			buildSettings = {
				ALWAYS_SEARCH_USER_PATHS = NO;
				CLANG_ANALYZER_NONNULL = YES;
				CLANG_ANALYZER_NUMBER_OBJECT_CONVERSION = YES_AGGRESSIVE;
				CLANG_CXX_LANGUAGE_STANDARD = "gnu++14";
				CLANG_CXX_LIBRARY = "libc++";
				CLANG_ENABLE_MODULES = YES;
				CLANG_ENABLE_OBJC_ARC = YES;
				CLANG_ENABLE_OBJC_WEAK = YES;
				CLANG_WARN_BLOCK_CAPTURE_AUTORELEASING = YES;
				CLANG_WARN_BOOL_CONVERSION = YES;
				CLANG_WARN_COMMA = YES;
				CLANG_WARN_CONSTANT_CONVERSION = YES;
				CLANG_WARN_DEPRECATED_OBJC_IMPLEMENTATIONS = YES;
				CLANG_WARN_DIRECT_OBJC_ISA_USAGE = YES_ERROR;
				CLANG_WARN_DOCUMENTATION_COMMENTS = YES;
				CLANG_WARN_EMPTY_BODY = YES;
				CLANG_WARN_ENUM_CONVERSION = YES;
				CLANG_WARN_INFINITE_RECURSION = YES;
				CLANG_WARN_INT_CONVERSION = YES;
				CLANG_WARN_NON_LITERAL_NULL_CONVERSION = YES;
				CLANG_WARN_OBJC_IMPLICIT_RETAIN_SELF = YES;
				CLANG_WARN_OBJC_LITERAL_CONVERSION = YES;
				CLANG_WARN_OBJC_ROOT_CLASS = YES_ERROR;
				CLANG_WARN_QUOTED_INCLUDE_IN_FRAMEWORK_HEADER = NO;
				CLANG_WARN_RANGE_LOOP_ANALYSIS = YES;
				CLANG_WARN_STRICT_PROTOTYPES = YES;
				CLANG_WARN_SUSPICIOUS_MOVE = YES;
				CLANG_WARN_UNGUARDED_AVAILABILITY = YES_AGGRESSIVE;
				CLANG_WARN_UNREACHABLE_CODE = YES;
				CLANG_WARN__DUPLICATE_METHOD_MATCH = YES;
				COPY_PHASE_STRIP = NO;
				DEBUG_INFORMATION_FORMAT = dwarf;
				ENABLE_STRICT_OBJC_MSGSEND = YES;
				ENABLE_TESTABILITY = YES;
				GCC_C_LANGUAGE_STANDARD = gnu11;
				GCC_DYNAMIC_NO_PIC = NO;
				GCC_NO_COMMON_BLOCKS = YES;
				GCC_OPTIMIZATION_LEVEL = 0;
				GCC_PREPROCESSOR_DEFINITIONS = (
					"DEBUG=1",
					"$(inherited)",
				);
				GCC_WARN_64_TO_32_BIT_CONVERSION = YES;
				GCC_WARN_ABOUT_RETURN_TYPE = YES_ERROR;
				GCC_WARN_UNDECLARED_SELECTOR = YES;
				GCC_WARN_UNINITIALIZED_AUTOS = YES_AGGRESSIVE;
				GCC_WARN_UNUSED_FUNCTION = YES;
				GCC_WARN_UNUSED_VARIABLE = YES;
				IPHONEOS_DEPLOYMENT_TARGET = 14.0;
				MTL_ENABLE_DEBUG_INFO = INCLUDE_SOURCE;
				MTL_FAST_MATH = YES;
				ONLY_ACTIVE_ARCH = YES;
				SDKROOT = iphoneos;
				SWIFT_ACTIVE_COMPILATION_CONDITIONS = DEBUG;
				SWIFT_OPTIMIZATION_LEVEL = "-Onone";
			};
			name = Debug;
		};
		412450F12565614B009D1D84 /* Release */ = {
			isa = XCBuildConfiguration;
			buildSettings = {
				ALWAYS_SEARCH_USER_PATHS = NO;
				CLANG_ANALYZER_NONNULL = YES;
				CLANG_ANALYZER_NUMBER_OBJECT_CONVERSION = YES_AGGRESSIVE;
				CLANG_CXX_LANGUAGE_STANDARD = "gnu++14";
				CLANG_CXX_LIBRARY = "libc++";
				CLANG_ENABLE_MODULES = YES;
				CLANG_ENABLE_OBJC_ARC = YES;
				CLANG_ENABLE_OBJC_WEAK = YES;
				CLANG_WARN_BLOCK_CAPTURE_AUTORELEASING = YES;
				CLANG_WARN_BOOL_CONVERSION = YES;
				CLANG_WARN_COMMA = YES;
				CLANG_WARN_CONSTANT_CONVERSION = YES;
				CLANG_WARN_DEPRECATED_OBJC_IMPLEMENTATIONS = YES;
				CLANG_WARN_DIRECT_OBJC_ISA_USAGE = YES_ERROR;
				CLANG_WARN_DOCUMENTATION_COMMENTS = YES;
				CLANG_WARN_EMPTY_BODY = YES;
				CLANG_WARN_ENUM_CONVERSION = YES;
				CLANG_WARN_INFINITE_RECURSION = YES;
				CLANG_WARN_INT_CONVERSION = YES;
				CLANG_WARN_NON_LITERAL_NULL_CONVERSION = YES;
				CLANG_WARN_OBJC_IMPLICIT_RETAIN_SELF = YES;
				CLANG_WARN_OBJC_LITERAL_CONVERSION = YES;
				CLANG_WARN_OBJC_ROOT_CLASS = YES_ERROR;
				CLANG_WARN_QUOTED_INCLUDE_IN_FRAMEWORK_HEADER = NO;
				CLANG_WARN_RANGE_LOOP_ANALYSIS = YES;
				CLANG_WARN_STRICT_PROTOTYPES = YES;
				CLANG_WARN_SUSPICIOUS_MOVE = YES;
				CLANG_WARN_UNGUARDED_AVAILABILITY = YES_AGGRESSIVE;
				CLANG_WARN_UNREACHABLE_CODE = YES;
				CLANG_WARN__DUPLICATE_METHOD_MATCH = YES;
				COPY_PHASE_STRIP = NO;
				DEBUG_INFORMATION_FORMAT = "dwarf-with-dsym";
				ENABLE_NS_ASSERTIONS = NO;
				ENABLE_STRICT_OBJC_MSGSEND = YES;
				GCC_C_LANGUAGE_STANDARD = gnu11;
				GCC_NO_COMMON_BLOCKS = YES;
				GCC_WARN_64_TO_32_BIT_CONVERSION = YES;
				GCC_WARN_ABOUT_RETURN_TYPE = YES_ERROR;
				GCC_WARN_UNDECLARED_SELECTOR = YES;
				GCC_WARN_UNINITIALIZED_AUTOS = YES_AGGRESSIVE;
				GCC_WARN_UNUSED_FUNCTION = YES;
				GCC_WARN_UNUSED_VARIABLE = YES;
				IPHONEOS_DEPLOYMENT_TARGET = 14.0;
				MTL_ENABLE_DEBUG_INFO = NO;
				MTL_FAST_MATH = YES;
				SDKROOT = iphoneos;
				SWIFT_COMPILATION_MODE = wholemodule;
				SWIFT_OPTIMIZATION_LEVEL = "-O";
				VALIDATE_PRODUCT = YES;
			};
			name = Release;
		};
		412450F32565614B009D1D84 /* Debug */ = {
			isa = XCBuildConfiguration;
			baseConfigurationReference = 738AE955EA07F1BF9C730DA2 /* Pods-Messenger.debug.xcconfig */;
			buildSettings = {
				ASSETCATALOG_COMPILER_APPICON_NAME = AppIcon;
				ASSETCATALOG_COMPILER_GLOBAL_ACCENT_COLOR_NAME = AccentColor;
				CODE_SIGN_STYLE = Automatic;
				DEVELOPMENT_TEAM = CY4CXRJ4H3;
				INFOPLIST_FILE = Messenger/Info.plist;
				LD_RUNPATH_SEARCH_PATHS = (
					"$(inherited)",
					"@executable_path/Frameworks",
				);
				PRODUCT_BUNDLE_IDENTIFIER = com.Valerian.Messenger;
				PRODUCT_NAME = "$(TARGET_NAME)";
				SWIFT_VERSION = 5.0;
				TARGETED_DEVICE_FAMILY = "1,2";
			};
			name = Debug;
		};
		412450F42565614B009D1D84 /* Release */ = {
			isa = XCBuildConfiguration;
			baseConfigurationReference = 6B240ED5C002777204079458 /* Pods-Messenger.release.xcconfig */;
			buildSettings = {
				ASSETCATALOG_COMPILER_APPICON_NAME = AppIcon;
				ASSETCATALOG_COMPILER_GLOBAL_ACCENT_COLOR_NAME = AccentColor;
				CODE_SIGN_STYLE = Automatic;
				DEVELOPMENT_TEAM = CY4CXRJ4H3;
				INFOPLIST_FILE = Messenger/Info.plist;
				LD_RUNPATH_SEARCH_PATHS = (
					"$(inherited)",
					"@executable_path/Frameworks",
				);
				PRODUCT_BUNDLE_IDENTIFIER = com.Valerian.Messenger;
				PRODUCT_NAME = "$(TARGET_NAME)";
				SWIFT_VERSION = 5.0;
				TARGETED_DEVICE_FAMILY = "1,2";
			};
			name = Release;
		};
		412450F62565614B009D1D84 /* Debug */ = {
			isa = XCBuildConfiguration;
			baseConfigurationReference = 127F12D1125FC9825069A72F /* Pods-MessengerTests.debug.xcconfig */;
			buildSettings = {
				ALWAYS_EMBED_SWIFT_STANDARD_LIBRARIES = YES;
				BUNDLE_LOADER = "$(TEST_HOST)";
				CODE_SIGN_STYLE = Automatic;
				DEVELOPMENT_TEAM = CY4CXRJ4H3;
				INFOPLIST_FILE = MessengerTests/Info.plist;
				IPHONEOS_DEPLOYMENT_TARGET = 14.1;
				LD_RUNPATH_SEARCH_PATHS = (
					"$(inherited)",
					"@executable_path/Frameworks",
					"@loader_path/Frameworks",
				);
				PRODUCT_BUNDLE_IDENTIFIER = com.Valerian.MessengerTests;
				PRODUCT_NAME = "$(TARGET_NAME)";
				SWIFT_VERSION = 5.0;
				TARGETED_DEVICE_FAMILY = "1,2";
				TEST_HOST = "$(BUILT_PRODUCTS_DIR)/Messenger.app/Messenger";
			};
			name = Debug;
		};
		412450F72565614B009D1D84 /* Release */ = {
			isa = XCBuildConfiguration;
			baseConfigurationReference = 0245876C03ABB54399F7E765 /* Pods-MessengerTests.release.xcconfig */;
			buildSettings = {
				ALWAYS_EMBED_SWIFT_STANDARD_LIBRARIES = YES;
				BUNDLE_LOADER = "$(TEST_HOST)";
				CODE_SIGN_STYLE = Automatic;
				DEVELOPMENT_TEAM = CY4CXRJ4H3;
				INFOPLIST_FILE = MessengerTests/Info.plist;
				IPHONEOS_DEPLOYMENT_TARGET = 14.1;
				LD_RUNPATH_SEARCH_PATHS = (
					"$(inherited)",
					"@executable_path/Frameworks",
					"@loader_path/Frameworks",
				);
				PRODUCT_BUNDLE_IDENTIFIER = com.Valerian.MessengerTests;
				PRODUCT_NAME = "$(TARGET_NAME)";
				SWIFT_VERSION = 5.0;
				TARGETED_DEVICE_FAMILY = "1,2";
				TEST_HOST = "$(BUILT_PRODUCTS_DIR)/Messenger.app/Messenger";
			};
			name = Release;
		};
		412450F92565614B009D1D84 /* Debug */ = {
			isa = XCBuildConfiguration;
			baseConfigurationReference = 43415B2E35635E8959DAF7DF /* Pods-Messenger-MessengerUITests.debug.xcconfig */;
			buildSettings = {
				ALWAYS_EMBED_SWIFT_STANDARD_LIBRARIES = YES;
				CODE_SIGN_STYLE = Automatic;
				DEVELOPMENT_TEAM = CY4CXRJ4H3;
				INFOPLIST_FILE = MessengerUITests/Info.plist;
				LD_RUNPATH_SEARCH_PATHS = (
					"$(inherited)",
					"@executable_path/Frameworks",
					"@loader_path/Frameworks",
				);
				PRODUCT_BUNDLE_IDENTIFIER = com.Valerian.MessengerUITests;
				PRODUCT_NAME = "$(TARGET_NAME)";
				SWIFT_VERSION = 5.0;
				TARGETED_DEVICE_FAMILY = "1,2";
				TEST_TARGET_NAME = Messenger;
			};
			name = Debug;
		};
		412450FA2565614B009D1D84 /* Release */ = {
			isa = XCBuildConfiguration;
			baseConfigurationReference = A9BE6FC7DA21B301F38D5B19 /* Pods-Messenger-MessengerUITests.release.xcconfig */;
			buildSettings = {
				ALWAYS_EMBED_SWIFT_STANDARD_LIBRARIES = YES;
				CODE_SIGN_STYLE = Automatic;
				DEVELOPMENT_TEAM = CY4CXRJ4H3;
				INFOPLIST_FILE = MessengerUITests/Info.plist;
				LD_RUNPATH_SEARCH_PATHS = (
					"$(inherited)",
					"@executable_path/Frameworks",
					"@loader_path/Frameworks",
				);
				PRODUCT_BUNDLE_IDENTIFIER = com.Valerian.MessengerUITests;
				PRODUCT_NAME = "$(TARGET_NAME)";
				SWIFT_VERSION = 5.0;
				TARGETED_DEVICE_FAMILY = "1,2";
				TEST_TARGET_NAME = Messenger;
			};
			name = Release;
		};
/* End XCBuildConfiguration section */

/* Begin XCConfigurationList section */
		412450C025656149009D1D84 /* Build configuration list for PBXProject "Messenger" */ = {
			isa = XCConfigurationList;
			buildConfigurations = (
				412450F02565614B009D1D84 /* Debug */,
				412450F12565614B009D1D84 /* Release */,
			);
			defaultConfigurationIsVisible = 0;
			defaultConfigurationName = Release;
		};
		412450F22565614B009D1D84 /* Build configuration list for PBXNativeTarget "Messenger" */ = {
			isa = XCConfigurationList;
			buildConfigurations = (
				412450F32565614B009D1D84 /* Debug */,
				412450F42565614B009D1D84 /* Release */,
			);
			defaultConfigurationIsVisible = 0;
			defaultConfigurationName = Release;
		};
		412450F52565614B009D1D84 /* Build configuration list for PBXNativeTarget "MessengerTests" */ = {
			isa = XCConfigurationList;
			buildConfigurations = (
				412450F62565614B009D1D84 /* Debug */,
				412450F72565614B009D1D84 /* Release */,
			);
			defaultConfigurationIsVisible = 0;
			defaultConfigurationName = Release;
		};
		412450F82565614B009D1D84 /* Build configuration list for PBXNativeTarget "MessengerUITests" */ = {
			isa = XCConfigurationList;
			buildConfigurations = (
				412450F92565614B009D1D84 /* Debug */,
				412450FA2565614B009D1D84 /* Release */,
			);
			defaultConfigurationIsVisible = 0;
			defaultConfigurationName = Release;
		};
/* End XCConfigurationList section */

/* Begin XCVersionGroup section */
		412450D125656149009D1D84 /* Messenger.xcdatamodeld */ = {
			isa = XCVersionGroup;
			children = (
				412450D225656149009D1D84 /* Messenger.xcdatamodel */,
			);
			currentVersion = 412450D225656149009D1D84 /* Messenger.xcdatamodel */;
			path = Messenger.xcdatamodeld;
			sourceTree = "<group>";
			versionGroupType = wrapper.xcdatamodel;
		};
/* End XCVersionGroup section */
	};
	rootObject = 412450BD25656149009D1D84 /* Project object */;
}
